{
  "name": "nuthatch",
  "version": "0.1.2",
  "lockfileVersion": 1,
  "requires": true,
  "dependencies": {
    "@types/node": {
      "version": "10.5.5",
      "resolved": "https://registry.npmjs.org/@types/node/-/node-10.5.5.tgz",
      "integrity": "sha512-6Qnb1gXbp3g1JX9QVJj3A6ORzc9XCyhokxUKaoonHgNXcQhmk8adhotxfkeK8El9TnFeUuH72yI6jQ5nDJKS6w=="
    },
    "@types/webgl2": {
      "version": "0.0.4",
      "resolved": "https://registry.npmjs.org/@types/webgl2/-/webgl2-0.0.4.tgz",
      "integrity": "sha512-PACt1xdErJbMUOUweSrbVM7gSIYm1vTncW2hF6Os/EeWi6TXYAYMPp+8v6rzHmypE5gHrxaxZNXgMkJVIdZpHw=="
    },
    "co": {
      "version": "3.1.0",
      "resolved": "https://registry.npmjs.org/co/-/co-3.1.0.tgz",
      "integrity": "sha1-TqVOpaCJOBUxheFSEMaNkJK8G3g=",
      "dev": true
    },
    "irregular-plurals": {
      "version": "2.0.0",
      "resolved": "https://registry.npmjs.org/irregular-plurals/-/irregular-plurals-2.0.0.tgz",
      "integrity": "sha512-Y75zBYLkh0lJ9qxeHlMjQ7bSbyiSqNW/UOPWDmzC7cXskL1hekSITh1Oc6JV0XCWWZ9DE8VYSB71xocLk3gmGw==",
      "dev": true
    },
    "mdast-comment-marker": {
      "version": "1.0.2",
      "resolved": "https://registry.npmjs.org/mdast-comment-marker/-/mdast-comment-marker-1.0.2.tgz",
      "integrity": "sha1-Hd8O+BH7UkOQF8jSwLkiA18rp0o=",
      "dev": true
    },
    "mdast-util-heading-style": {
      "version": "1.0.3",
      "resolved": "https://registry.npmjs.org/mdast-util-heading-style/-/mdast-util-heading-style-1.0.3.tgz",
      "integrity": "sha1-77OQ28iqAWw89XegNJANsn7nJHw=",
      "dev": true
    },
    "mdast-util-to-string": {
      "version": "1.0.4",
      "resolved": "https://registry.npmjs.org/mdast-util-to-string/-/mdast-util-to-string-1.0.4.tgz",
      "integrity": "sha1-XEVch4yTVfDB5/PotxnPWDaRrPs=",
      "dev": true
    },
    "plur": {
      "version": "3.0.1",
      "resolved": "https://registry.npmjs.org/plur/-/plur-3.0.1.tgz",
      "integrity": "sha512-lJl0ojUynAM1BZn58Pas2WT/TXeC1+bS+UqShl0x9+49AtOn7DixRXVzaC8qrDOIxNDmepKnLuMTH7NQmkX0PA==",
      "dev": true,
      "requires": {
        "irregular-plurals": "^2.0.0"
      }
    },
    "remark-lint": {
      "version": "6.0.2",
      "resolved": "https://registry.npmjs.org/remark-lint/-/remark-lint-6.0.2.tgz",
      "integrity": "sha512-zrIx7InZLLOUYUViT6lSa8T80pDyl3Ywvliog+4hoc7LoiJZRV74ejq+RBZK70bg/p2dU/CV6ycedgypFFePPg==",
      "dev": true,
      "requires": {
        "remark-message-control": "^4.0.0"
      }
    },
    "remark-lint-checkbox-content-indent": {
      "version": "1.0.2",
      "resolved": "https://registry.npmjs.org/remark-lint-checkbox-content-indent/-/remark-lint-checkbox-content-indent-1.0.2.tgz",
      "integrity": "sha512-9cPEpd3GpN5ZoAEBTl6qkVOIXpJSms+AC6L/gGLHOcfmSaR5jfgzQWE7GkCj6OvUqjV69zrGGHlWLu7uMujf3g==",
      "dev": true,
      "requires": {
        "unified-lint-rule": "^1.0.0",
        "unist-util-generated": "^1.1.0",
        "unist-util-position": "^3.0.0",
        "unist-util-visit": "^1.1.1",
        "vfile-location": "^2.0.1"
      }
    },
    "remark-lint-final-newline": {
      "version": "1.0.2",
      "resolved": "https://registry.npmjs.org/remark-lint-final-newline/-/remark-lint-final-newline-1.0.2.tgz",
      "integrity": "sha512-hW/lbDwVKtME3jIcJWJ16wBtoJdFPWIiu0fEI93yzNTjeB1g3VSWJp66dHbtCLYwquRS5fr8UlGx7JxIu1kiuA==",
      "dev": true,
      "requires": {
        "unified-lint-rule": "^1.0.0"
      }
    },
    "remark-lint-hard-break-spaces": {
      "version": "1.0.3",
      "resolved": "https://registry.npmjs.org/remark-lint-hard-break-spaces/-/remark-lint-hard-break-spaces-1.0.3.tgz",
      "integrity": "sha512-GiC0uXeFwef6/Pfo+EYBN0WIVlEFffh+9TdeJ4uLt89ZweaRVDPCTJQqkkuXoiXSPnZGD7cGHdkWCfXU1PaU7Q==",
      "dev": true,
      "requires": {
        "unified-lint-rule": "^1.0.0",
        "unist-util-generated": "^1.1.0",
        "unist-util-position": "^3.0.0",
        "unist-util-visit": "^1.1.1"
      }
    },
    "remark-lint-list-item-bullet-indent": {
      "version": "1.0.2",
      "resolved": "https://registry.npmjs.org/remark-lint-list-item-bullet-indent/-/remark-lint-list-item-bullet-indent-1.0.2.tgz",
      "integrity": "sha512-zvyQD6mJLRratZjk4Dw7D4vh73L43NXNCcap/6TxcmU9SKO7dXzoh8Ap9tyaFLic0LnHFc3Gx1pqYiPQ7PnL2g==",
      "dev": true,
      "requires": {
        "plur": "^3.0.0",
        "unified-lint-rule": "^1.0.0",
        "unist-util-generated": "^1.1.0",
        "unist-util-position": "^3.0.0",
        "unist-util-visit": "^1.1.1"
      }
    },
    "remark-lint-list-item-indent": {
      "version": "1.0.2",
      "resolved": "https://registry.npmjs.org/remark-lint-list-item-indent/-/remark-lint-list-item-indent-1.0.2.tgz",
      "integrity": "sha512-ogCCrO8nyuM/0k1bo+O7Ww0S08XxHA9sHh5VdhLwffCTCyOPDoxL1zWCIrAgzPBFZkgjXDQHsOxeUBi5I1ZFcA==",
      "dev": true,
      "requires": {
        "plur": "^3.0.0",
        "unified-lint-rule": "^1.0.0",
        "unist-util-generated": "^1.1.0",
        "unist-util-position": "^3.0.0",
        "unist-util-visit": "^1.1.1"
      }
    },
    "remark-lint-no-auto-link-without-protocol": {
      "version": "1.0.2",
      "resolved": "https://registry.npmjs.org/remark-lint-no-auto-link-without-protocol/-/remark-lint-no-auto-link-without-protocol-1.0.2.tgz",
      "integrity": "sha512-3GtkSxOyd6we4b8JdtJsNgt8+3UN+hpw1UiMoE9X96ahc1rqsCFm6miorNUnF/gfPQ1liHBvZUed2SIenDmpkg==",
      "dev": true,
      "requires": {
        "mdast-util-to-string": "^1.0.2",
        "unified-lint-rule": "^1.0.0",
        "unist-util-generated": "^1.1.0",
        "unist-util-position": "^3.0.0",
        "unist-util-visit": "^1.1.1"
      }
    },
    "remark-lint-no-blockquote-without-marker": {
      "version": "2.0.2",
      "resolved": "https://registry.npmjs.org/remark-lint-no-blockquote-without-marker/-/remark-lint-no-blockquote-without-marker-2.0.2.tgz",
      "integrity": "sha512-jkfZ4hFiviZttEo7Ac7GZWFgMQ/bdVPfSluLeuf+qwL8sQvR4ClklKJ0Xbkk3cLRjvlGsc8U8uZR8qqH5MSLoA==",
      "dev": true,
      "requires": {
        "unified-lint-rule": "^1.0.0",
        "unist-util-generated": "^1.1.0",
        "unist-util-position": "^3.0.0",
        "unist-util-visit": "^1.1.1",
        "vfile-location": "^2.0.1"
      }
    },
    "remark-lint-no-duplicate-definitions": {
      "version": "1.0.2",
      "resolved": "https://registry.npmjs.org/remark-lint-no-duplicate-definitions/-/remark-lint-no-duplicate-definitions-1.0.2.tgz",
      "integrity": "sha512-e5tSoIBChG3UCz4eJ+JPKV915iNeIeT7uKBKzXBPxnMcEgQaT3V7DBDdN8Wn1oPw9fLp/5AjDN5l9x7iddLsRw==",
      "dev": true,
      "requires": {
        "unified-lint-rule": "^1.0.0",
        "unist-util-generated": "^1.1.0",
        "unist-util-position": "^3.0.0",
        "unist-util-stringify-position": "^1.1.2",
        "unist-util-visit": "^1.1.1"
      }
    },
    "remark-lint-no-heading-content-indent": {
      "version": "1.0.2",
      "resolved": "https://registry.npmjs.org/remark-lint-no-heading-content-indent/-/remark-lint-no-heading-content-indent-1.0.2.tgz",
      "integrity": "sha512-g2MVmJhHbfFungca5WGWVB9bBY4YTrY6og20U+6DxkdS4ngoc8ezXUt8zV1HHEn0M/GdKr9F7fYhXcekJd/qaw==",
      "dev": true,
      "requires": {
        "mdast-util-heading-style": "^1.0.2",
        "plur": "^3.0.0",
        "unified-lint-rule": "^1.0.0",
        "unist-util-generated": "^1.1.0",
        "unist-util-position": "^3.0.0",
        "unist-util-visit": "^1.1.1"
      }
    },
    "remark-lint-no-inline-padding": {
      "version": "1.0.2",
      "resolved": "https://registry.npmjs.org/remark-lint-no-inline-padding/-/remark-lint-no-inline-padding-1.0.2.tgz",
      "integrity": "sha512-SHYqEH27yxzgcXSyaIzvqImvktDhXGltRSOEhAHiL2nJktuPt3nosFfGy4/oKAJMWJ2N3aMudXq/zuw1dAkQSg==",
      "dev": true,
      "requires": {
        "mdast-util-to-string": "^1.0.2",
        "unified-lint-rule": "^1.0.0",
        "unist-util-generated": "^1.1.0",
        "unist-util-visit": "^1.1.1"
      }
    },
    "remark-lint-no-literal-urls": {
      "version": "1.0.2",
      "resolved": "https://registry.npmjs.org/remark-lint-no-literal-urls/-/remark-lint-no-literal-urls-1.0.2.tgz",
      "integrity": "sha512-+mWZIJA4yAqpKIclcFP5wRy/6hxcPnfU9Xmgp4fR7OD4JQ4JHkKq9O7MUbda14PLez1aMX+Is0O0hWI7OuqsSw==",
      "dev": true,
      "requires": {
        "mdast-util-to-string": "^1.0.2",
        "unified-lint-rule": "^1.0.0",
        "unist-util-generated": "^1.1.0",
        "unist-util-position": "^3.0.0",
        "unist-util-visit": "^1.1.1"
      }
    },
    "remark-lint-no-shortcut-reference-image": {
      "version": "1.0.2",
      "resolved": "https://registry.npmjs.org/remark-lint-no-shortcut-reference-image/-/remark-lint-no-shortcut-reference-image-1.0.2.tgz",
      "integrity": "sha512-IVYv5pgyf70jYcrn+BNHVO37BuQJg26rFOLzi2mj+/8EdFpolJiJcTvkChJgz5yip7317DmQQSNLX6gCExuDrQ==",
      "dev": true,
      "requires": {
        "unified-lint-rule": "^1.0.0",
        "unist-util-generated": "^1.1.0",
        "unist-util-visit": "^1.1.1"
      }
    },
    "remark-lint-no-shortcut-reference-link": {
      "version": "1.0.3",
      "resolved": "https://registry.npmjs.org/remark-lint-no-shortcut-reference-link/-/remark-lint-no-shortcut-reference-link-1.0.3.tgz",
      "integrity": "sha512-v5mk4wYQL+YRmlOTqi8avpzhoGZg+P42dDRda2jedysDIx7TJBEXUH6oMFEbo/qV6PMmtr7fr066M3RrOrLpiQ==",
      "dev": true,
      "requires": {
        "unified-lint-rule": "^1.0.0",
        "unist-util-generated": "^1.1.0",
        "unist-util-visit": "^1.1.1"
      }
    },
    "remark-lint-no-undefined-references": {
      "version": "1.0.2",
      "resolved": "https://registry.npmjs.org/remark-lint-no-undefined-references/-/remark-lint-no-undefined-references-1.0.2.tgz",
      "integrity": "sha512-te5rmQvdMg2Qld09Jzh4BlpjGQhbwG0EIlYVX6aE/YnwwrIldOgqLrW8x49XTyEMNOL8j/Bjxd2FX+sRfeldRw==",
      "dev": true,
      "requires": {
        "unified-lint-rule": "^1.0.0",
        "unist-util-generated": "^1.1.0",
        "unist-util-visit": "^1.1.1"
      }
    },
    "remark-lint-no-unused-definitions": {
      "version": "1.0.2",
      "resolved": "https://registry.npmjs.org/remark-lint-no-unused-definitions/-/remark-lint-no-unused-definitions-1.0.2.tgz",
      "integrity": "sha512-Qv4J2hI2S0NJdrlFuQhBVOlGNUSBLpe+2VBm/hSJAnBE7FW2ZGkVwwrs9h7HdZ/vW3LqfBrNcTKTVw+5ZzWTiA==",
      "dev": true,
      "requires": {
        "unified-lint-rule": "^1.0.0",
        "unist-util-generated": "^1.1.0",
        "unist-util-visit": "^1.1.1"
      }
    },
    "remark-lint-ordered-list-marker-style": {
      "version": "1.0.2",
      "resolved": "https://registry.npmjs.org/remark-lint-ordered-list-marker-style/-/remark-lint-ordered-list-marker-style-1.0.2.tgz",
      "integrity": "sha512-4EHuHxZqy8IT4k+4Vc8P38I34AiZfgl07fS5/iqGhCdoSMCvvxdOuzTWTgpDFbx/W2QpHelBfJ+FtOp+E0J4Lg==",
      "dev": true,
      "requires": {
        "unified-lint-rule": "^1.0.0",
        "unist-util-generated": "^1.1.0",
        "unist-util-position": "^3.0.0",
        "unist-util-visit": "^1.1.1"
      }
    },
    "remark-message-control": {
      "version": "4.1.0",
      "resolved": "https://registry.npmjs.org/remark-message-control/-/remark-message-control-4.1.0.tgz",
      "integrity": "sha512-e1dszks4YKY7hLAkhS2367jBjBpAfvi+kVgSN/tOFrdp3qxITjiNR5fOFnyYF8vvorkQ9uxlKJoZUOW8T7rKDg==",
      "dev": true,
      "requires": {
        "mdast-comment-marker": "^1.0.0",
        "unified-message-control": "^1.0.0",
        "xtend": "^4.0.1"
      }
    },
    "remark-preset-lint-recommended": {
      "version": "3.0.2",
      "resolved": "https://registry.npmjs.org/remark-preset-lint-recommended/-/remark-preset-lint-recommended-3.0.2.tgz",
      "integrity": "sha512-os4YNWLbkorjvDHVB4o+zCCufZLzGoD4Iwdk7SV7bSIZurUTrMp/ZrpNytyetN9ugIMXuHbWJUE+dF0ND+WorQ==",
      "dev": true,
      "requires": {
        "remark-lint": "^6.0.0",
        "remark-lint-final-newline": "^1.0.0",
        "remark-lint-hard-break-spaces": "^1.0.0",
        "remark-lint-list-item-bullet-indent": "^1.0.0",
        "remark-lint-list-item-indent": "^1.0.0",
        "remark-lint-no-auto-link-without-protocol": "^1.0.0",
        "remark-lint-no-blockquote-without-marker": "^2.0.0",
        "remark-lint-no-duplicate-definitions": "^1.0.0",
        "remark-lint-no-heading-content-indent": "^1.0.0",
        "remark-lint-no-inline-padding": "^1.0.0",
        "remark-lint-no-literal-urls": "^1.0.0",
        "remark-lint-no-shortcut-reference-image": "^1.0.0",
        "remark-lint-no-shortcut-reference-link": "^1.0.0",
        "remark-lint-no-undefined-references": "^1.0.0",
        "remark-lint-no-unused-definitions": "^1.0.0",
        "remark-lint-ordered-list-marker-style": "^1.0.0"
      }
    },
    "sliced": {
      "version": "1.0.1",
      "resolved": "https://registry.npmjs.org/sliced/-/sliced-1.0.1.tgz",
      "integrity": "sha1-CzpmK10Ewxd7GSa+qCsD+Dei70E=",
      "dev": true
    },
    "trim": {
      "version": "0.0.1",
      "resolved": "https://registry.npmjs.org/trim/-/trim-0.0.1.tgz",
      "integrity": "sha1-WFhUf2spB1fulczMZm+1AITEYN0=",
      "dev": true
    },
    "typescript": {
      "version": "3.0.1",
      "resolved": "https://registry.npmjs.org/typescript/-/typescript-3.0.1.tgz",
      "integrity": "sha512-zQIMOmC+372pC/CCVLqnQ0zSBiY7HHodU7mpQdjiZddek4GMj31I3dUJ7gAs9o65X7mnRma6OokOkc6f9jjfBg==",
      "dev": true
    },
    "unified-lint-rule": {
      "version": "1.0.3",
      "resolved": "https://registry.npmjs.org/unified-lint-rule/-/unified-lint-rule-1.0.3.tgz",
      "integrity": "sha512-6z+HH3mtlFdj/w3MaQpObrZAd9KRiro370GxBFh13qkV8LYR21lLozA4iQiZPhe7KuX/lHewoGOEgQ4AWrAR3Q==",
      "dev": true,
      "requires": {
        "wrapped": "^1.0.1"
      }
    },
    "unified-message-control": {
      "version": "1.0.4",
      "resolved": "https://registry.npmjs.org/unified-message-control/-/unified-message-control-1.0.4.tgz",
      "integrity": "sha512-e1dEtN4Z/TvLn/qHm+xeZpzqhJTtfZusFErk336kkZVpqrJYiV9ptxq+SbRPFMlN0OkjDYHmVJ929KYjsMTo3g==",
      "dev": true,
      "requires": {
        "trim": "0.0.1",
        "unist-util-visit": "^1.0.0",
        "vfile-location": "^2.0.0"
      }
    },
    "unist-util-generated": {
      "version": "1.1.2",
      "resolved": "https://registry.npmjs.org/unist-util-generated/-/unist-util-generated-1.1.2.tgz",
      "integrity": "sha512-1HcwiEO62dr0XWGT+abVK4f0aAm8Ik8N08c5nAYVmuSxfvpA9rCcNyX/le8xXj1pJK5nBrGlZefeWB6bN8Pstw==",
      "dev": true
    },
    "unist-util-is": {
      "version": "2.1.2",
      "resolved": "https://registry.npmjs.org/unist-util-is/-/unist-util-is-2.1.2.tgz",
      "integrity": "sha512-YkXBK/H9raAmG7KXck+UUpnKiNmUdB+aBGrknfQ4EreE1banuzrKABx3jP6Z5Z3fMSPMQQmeXBlKpCbMwBkxVw==",
      "dev": true
    },
    "unist-util-position": {
      "version": "3.0.1",
      "resolved": "https://registry.npmjs.org/unist-util-position/-/unist-util-position-3.0.1.tgz",
      "integrity": "sha512-05QfJDPI7PE1BIUtAxeSV+cDx21xP7+tUZgSval5CA7tr0pHBwybF7OnEa1dOFqg6BfYH/qiMUnWwWj+Frhlww==",
      "dev": true
    },
    "unist-util-stringify-position": {
      "version": "1.1.2",
      "resolved": "https://registry.npmjs.org/unist-util-stringify-position/-/unist-util-stringify-position-1.1.2.tgz",
      "integrity": "sha512-pNCVrk64LZv1kElr0N1wPiHEUoXNVFERp+mlTg/s9R5Lwg87f9bM/3sQB99w+N9D/qnM9ar3+AKDBwo/gm/iQQ==",
      "dev": true
    },
    "unist-util-visit": {
      "version": "1.4.0",
      "resolved": "https://registry.npmjs.org/unist-util-visit/-/unist-util-visit-1.4.0.tgz",
      "integrity": "sha512-FiGu34ziNsZA3ZUteZxSFaczIjGmksfSgdKqBfOejrrfzyUy5b7YrlzT1Bcvi+djkYDituJDy2XB7tGTeBieKw==",
      "dev": true,
      "requires": {
        "unist-util-visit-parents": "^2.0.0"
      }
    },
    "unist-util-visit-parents": {
      "version": "2.0.1",
      "resolved": "https://registry.npmjs.org/unist-util-visit-parents/-/unist-util-visit-parents-2.0.1.tgz",
      "integrity": "sha512-6B0UTiMfdWql4cQ03gDTCSns+64Zkfo2OCbK31Ov0uMizEz+CJeAp0cgZVb5Fhmcd7Bct2iRNywejT0orpbqUA==",
      "dev": true,
      "requires": {
        "unist-util-is": "^2.1.2"
      }
    },
    "vfile-location": {
      "version": "2.0.3",
      "resolved": "https://registry.npmjs.org/vfile-location/-/vfile-location-2.0.3.tgz",
      "integrity": "sha512-zM5/l4lfw1CBoPx3Jimxoc5RNDAHHpk6AM6LM0pTIkm5SUSsx8ZekZ0PVdf0WEZ7kjlhSt7ZlqbRL6Cd6dBs6A==",
      "dev": true
    },
    "wrapped": {
      "version": "1.0.1",
      "resolved": "https://registry.npmjs.org/wrapped/-/wrapped-1.0.1.tgz",
      "integrity": "sha1-x4PZ2Aeyc+mwHoUWgKk4yHyQckI=",
      "dev": true,
      "requires": {
        "co": "3.1.0",
        "sliced": "^1.0.1"
      }
    },
    "xtend": {
      "version": "4.0.1",
      "resolved": "https://registry.npmjs.org/xtend/-/xtend-4.0.1.tgz",
      "integrity": "sha1-pcbVMr5lbiPbgg77lDofBJmNY68=",
      "dev": true
    }
  }
}
